
Microsoft Visual Studio Solution File, Format Version 12.00
# Visual Studio Version 16
VisualStudioVersion = 16.0.30611.23
MinimumVisualStudioVersion = 10.0.40219.1
Project("{FAE04EC0-301F-11D3-BF4B-00C04F79EFBC}") = "VerificadorGR.iOS", "VerificadorGR.iOS\VerificadorGR.iOS.csproj", "{CA6758CA-137F-485F-AE83-EC8465C43480}"
EndProject
Project("{FAE04EC0-301F-11D3-BF4B-00C04F79EFBC}") = "VerificadorGR.Android", "VerificadorGR.Android\VerificadorGR.Android.csproj", "{06F09447-83E7-497D-B21B-E185A2A06620}"
EndProject
Project("{9A19103F-16F7-4668-BE54-9A1E7A4F7556}") = "VerificadorGR", "VerificadorGR\VerificadorGR.csproj", "{0142F581-EEA3-44FD-B857-7AF97E8BA1D4}"
EndProject
Project("{FAE04EC0-301F-11D3-BF4B-00C04F79EFBC}") = "VerificadorGR.UWP", "VerificadorGR.UWP\VerificadorGR.UWP.csproj", "{50E8E0B6-2CF3-48B7-825F-48DD6445BA70}"
EndProject
Global
	GlobalSection(SolutionConfigurationPlatforms) = preSolution
		Debug|Any CPU = Debug|Any CPU
		Debug|ARM = Debug|ARM
		Debug|iPhone = Debug|iPhone
		Debug|iPhoneSimulator = Debug|iPhoneSimulator
		Debug|x64 = Debug|x64
		Debug|x86 = Debug|x86
		Release|Any CPU = Release|Any CPU
		Release|ARM = Release|ARM
		Release|iPhone = Release|iPhone
		Release|iPhoneSimulator = Release|iPhoneSimulator
		Release|x64 = Release|x64
		Release|x86 = Release|x86
	EndGlobalSection
	GlobalSection(ProjectConfigurationPlatforms) = postSolution
		{CA6758CA-137F-485F-AE83-EC8465C43480}.Debug|Any CPU.ActiveCfg = Debug|iPhoneSimulator
		{CA6758CA-137F-485F-AE83-EC8465C43480}.Debug|ARM.ActiveCfg = Debug|iPhoneSimulator
		{CA6758CA-137F-485F-AE83-EC8465C43480}.Debug|iPhone.ActiveCfg = Debug|iPhone
		{CA6758CA-137F-485F-AE83-EC8465C43480}.Debug|iPhone.Build.0 = Debug|iPhone
		{CA6758CA-137F-485F-AE83-EC8465C43480}.Debug|iPhoneSimulator.ActiveCfg = Debug|iPhoneSimulator
		{CA6758CA-137F-485F-AE83-EC8465C43480}.Debug|iPhoneSimulator.Build.0 = Debug|iPhoneSimulator
		{CA6758CA-137F-485F-AE83-EC8465C43480}.Debug|x64.ActiveCfg = Debug|iPhoneSimulator
		{CA6758CA-137F-485F-AE83-EC8465C43480}.Debug|x86.ActiveCfg = Debug|iPhoneSimulator
		{CA6758CA-137F-485F-AE83-EC8465C43480}.Release|Any CPU.ActiveCfg = Release|iPhoneSimulator
		{CA6758CA-137F-485F-AE83-EC8465C43480}.Release|ARM.ActiveCfg = Release|iPhoneSimulator
		{CA6758CA-137F-485F-AE83-EC8465C43480}.Release|iPhone.ActiveCfg = Release|iPhone
		{CA6758CA-137F-485F-AE83-EC8465C43480}.Release|iPhone.Build.0 = Release|iPhone
		{CA6758CA-137F-485F-AE83-EC8465C43480}.Release|iPhoneSimulator.ActiveCfg = Release|iPhoneSimulator
		{CA6758CA-137F-485F-AE83-EC8465C43480}.Release|iPhoneSimulator.Build.0 = Release|iPhoneSimulator
		{CA6758CA-137F-485F-AE83-EC8465C43480}.Release|x64.ActiveCfg = Release|iPhoneSimulator
		{CA6758CA-137F-485F-AE83-EC8465C43480}.Release|x86.ActiveCfg = Release|iPhoneSimulator
		{06F09447-83E7-497D-B21B-E185A2A06620}.Debug|Any CPU.ActiveCfg = Debug|Any CPU
		{06F09447-83E7-497D-B21B-E185A2A06620}.Debug|Any CPU.Build.0 = Debug|Any CPU
		{06F09447-83E7-497D-B21B-E185A2A06620}.Debug|Any CPU.Deploy.0 = Debug|Any CPU
		{06F09447-83E7-497D-B21B-E185A2A06620}.Debug|ARM.ActiveCfg = Debug|Any CPU
		{06F09447-83E7-497D-B21B-E185A2A06620}.Debug|ARM.Build.0 = Debug|Any CPU
		{06F09447-83E7-497D-B21B-E185A2A06620}.Debug|ARM.Deploy.0 = Debug|Any CPU
		{06F09447-83E7-497D-B21B-E185A2A06620}.Debug|iPhone.ActiveCfg = Debug|Any CPU
		{06F09447-83E7-497D-B21B-E185A2A06620}.Debug|iPhone.Build.0 = Debug|Any CPU
		{06F09447-83E7-497D-B21B-E185A2A06620}.Debug|iPhone.Deploy.0 = Debug|Any CPU
		{06F09447-83E7-497D-B21B-E185A2A06620}.Debug|iPhoneSimulator.ActiveCfg = Debug|Any CPU
		{06F09447-83E7-497D-B21B-E185A2A06620}.Debug|iPhoneSimulator.Build.0 = Debug|Any CPU
		{06F09447-83E7-497D-B21B-E185A2A06620}.Debug|iPhoneSimulator.Deploy.0 = Debug|Any CPU
		{06F09447-83E7-497D-B21B-E185A2A06620}.Debug|x64.ActiveCfg = Debug|Any CPU
		{06F09447-83E7-497D-B21B-E185A2A06620}.Debug|x64.Build.0 = Debug|Any CPU
		{06F09447-83E7-497D-B21B-E185A2A06620}.Debug|x64.Deploy.0 = Debug|Any CPU
		{06F09447-83E7-497D-B21B-E185A2A06620}.Debug|x86.ActiveCfg = Debug|Any CPU
		{06F09447-83E7-497D-B21B-E185A2A06620}.Debug|x86.Build.0 = Debug|Any CPU
		{06F09447-83E7-497D-B21B-E185A2A06620}.Debug|x86.Deploy.0 = Debug|Any CPU
		{06F09447-83E7-497D-B21B-E185A2A06620}.Release|Any CPU.ActiveCfg = Release|Any CPU
		{06F09447-83E7-497D-B21B-E185A2A06620}.Release|Any CPU.Build.0 = Release|Any CPU
		{06F09447-83E7-497D-B21B-E185A2A06620}.Release|Any CPU.Deploy.0 = Release|Any CPU
		{06F09447-83E7-497D-B21B-E185A2A06620}.Release|ARM.ActiveCfg = Release|Any CPU
		{06F09447-83E7-497D-B21B-E185A2A06620}.Release|ARM.Build.0 = Release|Any CPU
		{06F09447-83E7-497D-B21B-E185A2A06620}.Release|ARM.Deploy.0 = Release|Any CPU
		{06F09447-83E7-497D-B21B-E185A2A06620}.Release|iPhone.ActiveCfg = Release|Any CPU
		{06F09447-83E7-497D-B21B-E185A2A06620}.Release|iPhone.Build.0 = Release|Any CPU
		{06F09447-83E7-497D-B21B-E185A2A06620}.Release|iPhone.Deploy.0 = Release|Any CPU
		{06F09447-83E7-497D-B21B-E185A2A06620}.Release|iPhoneSimulator.ActiveCfg = Release|Any CPU
		{06F09447-83E7-497D-B21B-E185A2A06620}.Release|iPhoneSimulator.Build.0 = Release|Any CPU
		{06F09447-83E7-497D-B21B-E185A2A06620}.Release|iPhoneSimulator.Deploy.0 = Release|Any CPU
		{06F09447-83E7-497D-B21B-E185A2A06620}.Release|x64.ActiveCfg = Release|Any CPU
		{06F09447-83E7-497D-B21B-E185A2A06620}.Release|x64.Build.0 = Release|Any CPU
		{06F09447-83E7-497D-B21B-E185A2A06620}.Release|x64.Deploy.0 = Release|Any CPU
		{06F09447-83E7-497D-B21B-E185A2A06620}.Release|x86.ActiveCfg = Release|Any CPU
		{06F09447-83E7-497D-B21B-E185A2A06620}.Release|x86.Build.0 = Release|Any CPU
		{06F09447-83E7-497D-B21B-E185A2A06620}.Release|x86.Deploy.0 = Release|Any CPU
		{0142F581-EEA3-44FD-B857-7AF97E8BA1D4}.Debug|Any CPU.ActiveCfg = Debug|Any CPU
		{0142F581-EEA3-44FD-B857-7AF97E8BA1D4}.Debug|Any CPU.Build.0 = Debug|Any CPU
		{0142F581-EEA3-44FD-B857-7AF97E8BA1D4}.Debug|ARM.ActiveCfg = Debug|Any CPU
		{0142F581-EEA3-44FD-B857-7AF97E8BA1D4}.Debug|ARM.Build.0 = Debug|Any CPU
		{0142F581-EEA3-44FD-B857-7AF97E8BA1D4}.Debug|iPhone.ActiveCfg = Debug|Any CPU
		{0142F581-EEA3-44FD-B857-7AF97E8BA1D4}.Debug|iPhone.Build.0 = Debug|Any CPU
		{0142F581-EEA3-44FD-B857-7AF97E8BA1D4}.Debug|iPhoneSimulator.ActiveCfg = Debug|Any CPU
		{0142F581-EEA3-44FD-B857-7AF97E8BA1D4}.Debug|iPhoneSimulator.Build.0 = Debug|Any CPU
		{0142F581-EEA3-44FD-B857-7AF97E8BA1D4}.Debug|x64.ActiveCfg = Debug|Any CPU
		{0142F581-EEA3-44FD-B857-7AF97E8BA1D4}.Debug|x64.Build.0 = Debug|Any CPU
		{0142F581-EEA3-44FD-B857-7AF97E8BA1D4}.Debug|x86.ActiveCfg = Debug|Any CPU
		{0142F581-EEA3-44FD-B857-7AF97E8BA1D4}.Debug|x86.Build.0 = Debug|Any CPU
		{0142F581-EEA3-44FD-B857-7AF97E8BA1D4}.Release|Any CPU.ActiveCfg = Release|Any CPU
		{0142F581-EEA3-44FD-B857-7AF97E8BA1D4}.Release|Any CPU.Build.0 = Release|Any CPU
		{0142F581-EEA3-44FD-B857-7AF97E8BA1D4}.Release|ARM.ActiveCfg = Release|Any CPU
		{0142F581-EEA3-44FD-B857-7AF97E8BA1D4}.Release|ARM.Build.0 = Release|Any CPU
		{0142F581-EEA3-44FD-B857-7AF97E8BA1D4}.Release|iPhone.ActiveCfg = Release|Any CPU
		{0142F581-EEA3-44FD-B857-7AF97E8BA1D4}.Release|iPhone.Build.0 = Release|Any CPU
		{0142F581-EEA3-44FD-B857-7AF97E8BA1D4}.Release|iPhoneSimulator.ActiveCfg = Release|Any CPU
		{0142F581-EEA3-44FD-B857-7AF97E8BA1D4}.Release|iPhoneSimulator.Build.0 = Release|Any CPU
		{0142F581-EEA3-44FD-B857-7AF97E8BA1D4}.Release|x64.ActiveCfg = Release|Any CPU
		{0142F581-EEA3-44FD-B857-7AF97E8BA1D4}.Release|x64.Build.0 = Release|Any CPU
		{0142F581-EEA3-44FD-B857-7AF97E8BA1D4}.Release|x86.ActiveCfg = Release|Any CPU
		{0142F581-EEA3-44FD-B857-7AF97E8BA1D4}.Release|x86.Build.0 = Release|Any CPU
		{50E8E0B6-2CF3-48B7-825F-48DD6445BA70}.Debug|Any CPU.ActiveCfg = Debug|x86
		{50E8E0B6-2CF3-48B7-825F-48DD6445BA70}.Debug|ARM.ActiveCfg = Debug|ARM
		{50E8E0B6-2CF3-48B7-825F-48DD6445BA70}.Debug|ARM.Build.0 = Debug|ARM
		{50E8E0B6-2CF3-48B7-825F-48DD6445BA70}.Debug|ARM.Deploy.0 = Debug|ARM
		{50E8E0B6-2CF3-48B7-825F-48DD6445BA70}.Debug|iPhone.ActiveCfg = Debug|x86
		{50E8E0B6-2CF3-48B7-825F-48DD6445BA70}.Debug|iPhoneSimulator.ActiveCfg = Debug|x86
		{50E8E0B6-2CF3-48B7-825F-48DD6445BA70}.Debug|x64.ActiveCfg = Debug|x64
		{50E8E0B6-2CF3-48B7-825F-48DD6445BA70}.Debug|x64.Build.0 = Debug|x64
		{50E8E0B6-2CF3-48B7-825F-48DD6445BA70}.Debug|x64.Deploy.0 = Debug|x64
		{50E8E0B6-2CF3-48B7-825F-48DD6445BA70}.Debug|x86.ActiveCfg = Debug|x86
		{50E8E0B6-2CF3-48B7-825F-48DD6445BA70}.Debug|x86.Build.0 = Debug|x86
		{50E8E0B6-2CF3-48B7-825F-48DD6445BA70}.Debug|x86.Deploy.0 = Debug|x86
		{50E8E0B6-2CF3-48B7-825F-48DD6445BA70}.Release|Any CPU.ActiveCfg = Release|x86
		{50E8E0B6-2CF3-48B7-825F-48DD6445BA70}.Release|ARM.ActiveCfg = Release|ARM
		{50E8E0B6-2CF3-48B7-825F-48DD6445BA70}.Release|ARM.Build.0 = Release|ARM
		{50E8E0B6-2CF3-48B7-825F-48DD6445BA70}.Release|ARM.Deploy.0 = Release|ARM
		{50E8E0B6-2CF3-48B7-825F-48DD6445BA70}.Release|iPhone.ActiveCfg = Release|x86
		{50E8E0B6-2CF3-48B7-825F-48DD6445BA70}.Release|iPhoneSimulator.ActiveCfg = Release|x86
		{50E8E0B6-2CF3-48B7-825F-48DD6445BA70}.Release|x64.ActiveCfg = Release|x64
		{50E8E0B6-2CF3-48B7-825F-48DD6445BA70}.Release|x64.Build.0 = Release|x64
		{50E8E0B6-2CF3-48B7-825F-48DD6445BA70}.Release|x64.Deploy.0 = Release|x64
		{50E8E0B6-2CF3-48B7-825F-48DD6445BA70}.Release|x86.ActiveCfg = Release|x86
		{50E8E0B6-2CF3-48B7-825F-48DD6445BA70}.Release|x86.Build.0 = Release|x86
		{50E8E0B6-2CF3-48B7-825F-48DD6445BA70}.Release|x86.Deploy.0 = Release|x86
	EndGlobalSection
	GlobalSection(SolutionProperties) = preSolution
		HideSolutionNode = FALSE
	EndGlobalSection
	GlobalSection(ExtensibilityGlobals) = postSolution
		SolutionGuid = {5B6BE856-1F2C-4A9B-B298-267574C78B33}
	EndGlobalSection
EndGlobal
