
Microsoft Visual Studio Solution File, Format Version 12.00
# Visual Studio Version 16
VisualStudioVersion = 16.0.30611.23
MinimumVisualStudioVersion = 10.0.40219.1
Project("{9A19103F-16F7-4668-BE54-9A1E7A4F7556}") = "VerificadorGR", "VerificadorGR.csproj", "{E40F5694-165A-47F0-89E4-C239D932F8A8}"
EndProject
Project("{FAE04EC0-301F-11D3-BF4B-00C04F79EFBC}") = "VerificadorGR.Android", "..\VerificadorGR.Android\VerificadorGR.Android.csproj", "{06F09447-83E7-497D-B21B-E185A2A06620}"
EndProject
Project("{FAE04EC0-301F-11D3-BF4B-00C04F79EFBC}") = "VerificadorGR.UWP", "..\VerificadorGR.UWP\VerificadorGR.UWP.csproj", "{50E8E0B6-2CF3-48B7-825F-48DD6445BA70}"
EndProject
Global
	GlobalSection(SolutionConfigurationPlatforms) = preSolution
		Debug|Any CPU = Debug|Any CPU
		Debug|ARM = Debug|ARM
		Debug|x64 = Debug|x64
		Debug|x86 = Debug|x86
		Release|Any CPU = Release|Any CPU
		Release|ARM = Release|ARM
		Release|x64 = Release|x64
		Release|x86 = Release|x86
	EndGlobalSection
	GlobalSection(ProjectConfigurationPlatforms) = postSolution
		{E40F5694-165A-47F0-89E4-C239D932F8A8}.Debug|Any CPU.ActiveCfg = Debug|Any CPU
		{E40F5694-165A-47F0-89E4-C239D932F8A8}.Debug|Any CPU.Build.0 = Debug|Any CPU
		{E40F5694-165A-47F0-89E4-C239D932F8A8}.Debug|ARM.ActiveCfg = Debug|Any CPU
		{E40F5694-165A-47F0-89E4-C239D932F8A8}.Debug|ARM.Build.0 = Debug|Any CPU
		{E40F5694-165A-47F0-89E4-C239D932F8A8}.Debug|x64.ActiveCfg = Debug|Any CPU
		{E40F5694-165A-47F0-89E4-C239D932F8A8}.Debug|x64.Build.0 = Debug|Any CPU
		{E40F5694-165A-47F0-89E4-C239D932F8A8}.Debug|x86.ActiveCfg = Debug|Any CPU
		{E40F5694-165A-47F0-89E4-C239D932F8A8}.Debug|x86.Build.0 = Debug|Any CPU
		{E40F5694-165A-47F0-89E4-C239D932F8A8}.Release|Any CPU.ActiveCfg = Release|Any CPU
		{E40F5694-165A-47F0-89E4-C239D932F8A8}.Release|Any CPU.Build.0 = Release|Any CPU
		{E40F5694-165A-47F0-89E4-C239D932F8A8}.Release|ARM.ActiveCfg = Release|Any CPU
		{E40F5694-165A-47F0-89E4-C239D932F8A8}.Release|ARM.Build.0 = Release|Any CPU
		{E40F5694-165A-47F0-89E4-C239D932F8A8}.Release|x64.ActiveCfg = Release|Any CPU
		{E40F5694-165A-47F0-89E4-C239D932F8A8}.Release|x64.Build.0 = Release|Any CPU
		{E40F5694-165A-47F0-89E4-C239D932F8A8}.Release|x86.ActiveCfg = Release|Any CPU
		{E40F5694-165A-47F0-89E4-C239D932F8A8}.Release|x86.Build.0 = Release|Any CPU
		{06F09447-83E7-497D-B21B-E185A2A06620}.Debug|Any CPU.ActiveCfg = Debug|Any CPU
		{06F09447-83E7-497D-B21B-E185A2A06620}.Debug|Any CPU.Build.0 = Debug|Any CPU
		{06F09447-83E7-497D-B21B-E185A2A06620}.Debug|Any CPU.Deploy.0 = Debug|Any CPU
		{06F09447-83E7-497D-B21B-E185A2A06620}.Debug|ARM.ActiveCfg = Debug|Any CPU
		{06F09447-83E7-497D-B21B-E185A2A06620}.Debug|ARM.Build.0 = Debug|Any CPU
		{06F09447-83E7-497D-B21B-E185A2A06620}.Debug|ARM.Deploy.0 = Debug|Any CPU
		{06F09447-83E7-497D-B21B-E185A2A06620}.Debug|x64.ActiveCfg = Debug|Any CPU
		{06F09447-83E7-497D-B21B-E185A2A06620}.Debug|x64.Build.0 = Debug|Any CPU
		{06F09447-83E7-497D-B21B-E185A2A06620}.Debug|x64.Deploy.0 = Debug|Any CPU
		{06F09447-83E7-497D-B21B-E185A2A06620}.Debug|x86.ActiveCfg = Debug|Any CPU
		{06F09447-83E7-497D-B21B-E185A2A06620}.Debug|x86.Build.0 = Debug|Any CPU
		{06F09447-83E7-497D-B21B-E185A2A06620}.Debug|x86.Deploy.0 = Debug|Any CPU
		{06F09447-83E7-497D-B21B-E185A2A06620}.Release|Any CPU.ActiveCfg = Release|Any CPU
		{06F09447-83E7-497D-B21B-E185A2A06620}.Release|Any CPU.Build.0 = Release|Any CPU
		{06F09447-83E7-497D-B21B-E185A2A06620}.Release|Any CPU.Deploy.0 = Release|Any CPU
		{06F09447-83E7-497D-B21B-E185A2A06620}.Release|ARM.ActiveCfg = Release|Any CPU
		{06F09447-83E7-497D-B21B-E185A2A06620}.Release|ARM.Build.0 = Release|Any CPU
		{06F09447-83E7-497D-B21B-E185A2A06620}.Release|ARM.Deploy.0 = Release|Any CPU
		{06F09447-83E7-497D-B21B-E185A2A06620}.Release|x64.ActiveCfg = Release|Any CPU
		{06F09447-83E7-497D-B21B-E185A2A06620}.Release|x64.Build.0 = Release|Any CPU
		{06F09447-83E7-497D-B21B-E185A2A06620}.Release|x64.Deploy.0 = Release|Any CPU
		{06F09447-83E7-497D-B21B-E185A2A06620}.Release|x86.ActiveCfg = Release|Any CPU
		{06F09447-83E7-497D-B21B-E185A2A06620}.Release|x86.Build.0 = Release|Any CPU
		{06F09447-83E7-497D-B21B-E185A2A06620}.Release|x86.Deploy.0 = Release|Any CPU
		{50E8E0B6-2CF3-48B7-825F-48DD6445BA70}.Debug|Any CPU.ActiveCfg = Debug|x86
		{50E8E0B6-2CF3-48B7-825F-48DD6445BA70}.Debug|ARM.ActiveCfg = Debug|ARM
		{50E8E0B6-2CF3-48B7-825F-48DD6445BA70}.Debug|ARM.Build.0 = Debug|ARM
		{50E8E0B6-2CF3-48B7-825F-48DD6445BA70}.Debug|ARM.Deploy.0 = Debug|ARM
		{50E8E0B6-2CF3-48B7-825F-48DD6445BA70}.Debug|x64.ActiveCfg = Debug|x64
		{50E8E0B6-2CF3-48B7-825F-48DD6445BA70}.Debug|x64.Build.0 = Debug|x64
		{50E8E0B6-2CF3-48B7-825F-48DD6445BA70}.Debug|x64.Deploy.0 = Debug|x64
		{50E8E0B6-2CF3-48B7-825F-48DD6445BA70}.Debug|x86.ActiveCfg = Debug|x86
		{50E8E0B6-2CF3-48B7-825F-48DD6445BA70}.Debug|x86.Build.0 = Debug|x86
		{50E8E0B6-2CF3-48B7-825F-48DD6445BA70}.Debug|x86.Deploy.0 = Debug|x86
		{50E8E0B6-2CF3-48B7-825F-48DD6445BA70}.Release|Any CPU.ActiveCfg = Release|x86
		{50E8E0B6-2CF3-48B7-825F-48DD6445BA70}.Release|ARM.ActiveCfg = Release|ARM
		{50E8E0B6-2CF3-48B7-825F-48DD6445BA70}.Release|ARM.Build.0 = Release|ARM
		{50E8E0B6-2CF3-48B7-825F-48DD6445BA70}.Release|ARM.Deploy.0 = Release|ARM
		{50E8E0B6-2CF3-48B7-825F-48DD6445BA70}.Release|x64.ActiveCfg = Release|x64
		{50E8E0B6-2CF3-48B7-825F-48DD6445BA70}.Release|x64.Build.0 = Release|x64
		{50E8E0B6-2CF3-48B7-825F-48DD6445BA70}.Release|x64.Deploy.0 = Release|x64
		{50E8E0B6-2CF3-48B7-825F-48DD6445BA70}.Release|x86.ActiveCfg = Release|x86
		{50E8E0B6-2CF3-48B7-825F-48DD6445BA70}.Release|x86.Build.0 = Release|x86
		{50E8E0B6-2CF3-48B7-825F-48DD6445BA70}.Release|x86.Deploy.0 = Release|x86
	EndGlobalSection
	GlobalSection(SolutionProperties) = preSolution
		HideSolutionNode = FALSE
	EndGlobalSection
	GlobalSection(ExtensibilityGlobals) = postSolution
		SolutionGuid = {5B6BE856-1F2C-4A9B-B298-267574C78B33}
	EndGlobalSection
EndGlobal
